Microsoft Visual Studio Solution File, Format Version 12.00
# Visual Studio Version 17
VisualStudioVersion = 17.0.31903.59
MinimumVisualStudioVersion = 10.0.40219.1
Project("{8BC9CEB8-8B4A-11D0-8D11-00A0C91BC942}") = "Rpi5Fan", "Rpi5Fan.vcxproj", "{DC441E68-8624-43C1-A35F-66C70C6D7505}"
EndProject
Global
	GlobalSection(SolutionConfigurationPlatforms) = preSolution
		Debug|ARM64 = Debug|ARM64
		Release|ARM64 = Release|ARM64
	EndGlobalSection
	GlobalSection(ProjectConfigurationPlatforms) = postSolution
		{DC441E68-8624-43C1-A35F-66C70C6D7505}.Debug|ARM64.ActiveCfg = Debug|ARM64
		{DC441E68-8624-43C1-A35F-66C70C6D7505}.Debug|ARM64.Build.0 = Debug|ARM64
		{DC441E68-8624-43C1-A35F-66C70C6D7505}.Release|ARM64.ActiveCfg = Release|ARM64
		{DC441E68-8624-43C1-A35F-66C70C6D7505}.Release|ARM64.Build.0 = Release|ARM64
	EndGlobalSection
EndGlobal
